
Microsoft Visual Studio Solution File, Format Version 12.00
# Visual Studio Version 16
VisualStudioVersion = 16.0.31829.152
MinimumVisualStudioVersion = 10.0.40219.1
Project("{FAE04EC0-301F-11D3-BF4B-00C04F79EFBC}") = "Todolist", "Todolist.csproj", "{2735AF80-D4CF-4C9C-BEFC-3011D258DF9B}"
EndProject
Global
	GlobalSection(SolutionConfigurationPlatforms) = preSolution
		Debug|Any CPU = Debug|Any CPU
		Release|Any CPU = Release|Any CPU
	EndGlobalSection
	GlobalSection(ProjectConfigurationPlatforms) = postSolution
		{2735AF80-D4CF-4C9C-BEFC-3011D258DF9B}.Debug|Any CPU.ActiveCfg = Debug|Any CPU
		{2735AF80-D4CF-4C9C-BEFC-3011D258DF9B}.Debug|Any CPU.Build.0 = Debug|Any CPU
		{2735AF80-D4CF-4C9C-BEFC-3011D258DF9B}.Release|Any CPU.ActiveCfg = Release|Any CPU
		{2735AF80-D4CF-4C9C-BEFC-3011D258DF9B}.Release|Any CPU.Build.0 = Release|Any CPU
	EndGlobalSection
	GlobalSection(SolutionProperties) = preSolution
		HideSolutionNode = FALSE
	EndGlobalSection
	GlobalSection(ExtensibilityGlobals) = postSolution
		SolutionGuid = {029D3D17-F747-454D-A71D-D94D220B4FC7}
	EndGlobalSection
EndGlobal
